// !$*UTF8*$!
{
	archiveVersion = 1;
	classes = {
	};
	objectVersion = 46;
	objects = {

/* Begin PBXBuildFile section */
		F79E34111B5CD24100C4EF10 /* main.m in Sources */ = {isa = PBXBuildFile; fileRef = F79E34101B5CD24100C4EF10 /* main.m */; };
		F79E34141B5CD24100C4EF10 /* AppDelegate.m in Sources */ = {isa = PBXBuildFile; fileRef = F79E34131B5CD24100C4EF10 /* AppDelegate.m */; };
		F79E341A1B5CD24100C4EF10 /* Main.storyboard in Resources */ = {isa = PBXBuildFile; fileRef = F79E34181B5CD24100C4EF10 /* Main.storyboard */; };
		F79E341C1B5CD24200C4EF10 /* Images.xcassets in Resources */ = {isa = PBXBuildFile; fileRef = F79E341B1B5CD24200C4EF10 /* Images.xcassets */; };
		F79E341F1B5CD24200C4EF10 /* LaunchScreen.xib in Resources */ = {isa = PBXBuildFile; fileRef = F79E341D1B5CD24200C4EF10 /* LaunchScreen.xib */; };
		F79E342B1B5CD24200C4EF10 /* laowuzhenbangTests.m in Sources */ = {isa = PBXBuildFile; fileRef = F79E342A1B5CD24200C4EF10 /* laowuzhenbangTests.m */; };
		F79E34361B5CD8D200C4EF10 /* ViewController.m in Sources */ = {isa = PBXBuildFile; fileRef = F79E34351B5CD8D200C4EF10 /* ViewController.m */; };
/* End PBXBuildFile section */

/* Begin PBXContainerItemProxy section */
		F79E34251B5CD24200C4EF10 /* PBXContainerItemProxy */ = {
			isa = PBXContainerItemProxy;
			containerPortal = F79E34031B5CD24100C4EF10 /* Project object */;
			proxyType = 1;
			remoteGlobalIDString = F79E340A1B5CD24100C4EF10;
			remoteInfo = laowuzhenbang;
		};
/* End PBXContainerItemProxy section */

/* Begin PBXFileReference section */
		F79E340B1B5CD24100C4EF10 /* laowuzhenbang.app */ = {isa = PBXFileReference; explicitFileType = wrapper.application; includeInIndex = 0; path = laowuzhenbang.app; sourceTree = BUILT_PRODUCTS_DIR; };
		F79E340F1B5CD24100C4EF10 /* Info.plist */ = {isa = PBXFileReference; lastKnownFileType = text.plist.xml; path = Info.plist; sourceTree = "<group>"; };
		F79E34101B5CD24100C4EF10 /* main.m */ = {isa = PBXFileReference; lastKnownFileType = sourcecode.c.objc; path = main.m; sourceTree = "<group>"; };
		F79E34121B5CD24100C4EF10 /* AppDelegate.h */ = {isa = PBXFileReference; lastKnownFileType = sourcecode.c.h; path = AppDelegate.h; sourceTree = "<group>"; };
		F79E34131B5CD24100C4EF10 /* AppDelegate.m */ = {isa = PBXFileReference; lastKnownFileType = sourcecode.c.objc; path = AppDelegate.m; sourceTree = "<group>"; };
		F79E34191B5CD24100C4EF10 /* Base */ = {isa = PBXFileReference; lastKnownFileType = file.storyboard; name = Base; path = Base.lproj/Main.storyboard; sourceTree = "<group>"; };
		F79E341B1B5CD24200C4EF10 /* Images.xcassets */ = {isa = PBXFileReference; lastKnownFileType = folder.assetcatalog; path = Images.xcassets; sourceTree = "<group>"; };
		F79E341E1B5CD24200C4EF10 /* Base */ = {isa = PBXFileReference; lastKnownFileType = file.xib; name = Base; path = Base.lproj/LaunchScreen.xib; sourceTree = "<group>"; };
		F79E34241B5CD24200C4EF10 /* laowuzhenbangTests.xctest */ = {isa = PBXFileReference; explicitFileType = wrapper.cfbundle; includeInIndex = 0; path = laowuzhenbangTests.xctest; sourceTree = BUILT_PRODUCTS_DIR; };
		F79E34291B5CD24200C4EF10 /* Info.plist */ = {isa = PBXFileReference; lastKnownFileType = text.plist.xml; path = Info.plist; sourceTree = "<group>"; };
		F79E342A1B5CD24200C4EF10 /* laowuzhenbangTests.m */ = {isa = PBXFileReference; lastKnownFileType = sourcecode.c.objc; path = laowuzhenbangTests.m; sourceTree = "<group>"; };
		F79E34341B5CD8D200C4EF10 /* ViewController.h */ = {isa = PBXFileReference; fileEncoding = 4; lastKnownFileType = sourcecode.c.h; path = ViewController.h; sourceTree = "<group>"; };
		F79E34351B5CD8D200C4EF10 /* ViewController.m */ = {isa = PBXFileReference; fileEncoding = 4; lastKnownFileType = sourcecode.c.objc; path = ViewController.m; sourceTree = "<group>"; };
/* End PBXFileReference section */

/* Begin PBXFrameworksBuildPhase section */
		F79E34081B5CD24100C4EF10 /* Frameworks */ = {
			isa = PBXFrameworksBuildPhase;
			buildActionMask = 2147483647;
			files = (
			);
			runOnlyForDeploymentPostprocessing = 0;
		};
		F79E34211B5CD24200C4EF10 /* Frameworks */ = {
			isa = PBXFrameworksBuildPhase;
			buildActionMask = 2147483647;
			files = (
			);
			runOnlyForDeploymentPostprocessing = 0;
		};
/* End PBXFrameworksBuildPhase section */

/* Begin PBXGroup section */
		F79E34021B5CD24100C4EF10 = {
			isa = PBXGroup;
			children = (
				F79E340D1B5CD24100C4EF10 /* laowuzhenbang */,
				F79E34271B5CD24200C4EF10 /* laowuzhenbangTests */,
				F79E340C1B5CD24100C4EF10 /* Products */,
			);
			sourceTree = "<group>";
		};
		F79E340C1B5CD24100C4EF10 /* Products */ = {
			isa = PBXGroup;
			children = (
				F79E340B1B5CD24100C4EF10 /* laowuzhenbang.app */,
				F79E34241B5CD24200C4EF10 /* laowuzhenbangTests.xctest */,
			);
			name = Products;
			sourceTree = "<group>";
		};
		F79E340D1B5CD24100C4EF10 /* laowuzhenbang */ = {
			isa = PBXGroup;
			children = (
				F79E34121B5CD24100C4EF10 /* AppDelegate.h */,
				F79E34131B5CD24100C4EF10 /* AppDelegate.m */,
				F79E34341B5CD8D200C4EF10 /* ViewController.h */,
				F79E34351B5CD8D200C4EF10 /* ViewController.m */,
				F79E34181B5CD24100C4EF10 /* Main.storyboard */,
				F79E341B1B5CD24200C4EF10 /* Images.xcassets */,
				F79E341D1B5CD24200C4EF10 /* LaunchScreen.xib */,
				F79E340E1B5CD24100C4EF10 /* Supporting Files */,
			);
			path = laowuzhenbang;
			sourceTree = "<group>";
		};
		F79E340E1B5CD24100C4EF10 /* Supporting Files */ = {
			isa = PBXGroup;
			children = (
				F79E340F1B5CD24100C4EF10 /* Info.plist */,
				F79E34101B5CD24100C4EF10 /* main.m */,
			);
			name = "Supporting Files";
			sourceTree = "<group>";
		};
		F79E34271B5CD24200C4EF10 /* laowuzhenbangTests */ = {
			isa = PBXGroup;
			children = (
				F79E342A1B5CD24200C4EF10 /* laowuzhenbangTests.m */,
				F79E34281B5CD24200C4EF10 /* Supporting Files */,
			);
			path = laowuzhenbangTests;
			sourceTree = "<group>";
		};
		F79E34281B5CD24200C4EF10 /* Supporting Files */ = {
			isa = PBXGroup;
			children = (
				F79E34291B5CD24200C4EF10 /* Info.plist */,
			);
			name = "Supporting Files";
			sourceTree = "<group>";
		};
/* End PBXGroup section */

/* Begin PBXNativeTarget section */
		F79E340A1B5CD24100C4EF10 /* laowuzhenbang */ = {
			isa = PBXNativeTarget;
			buildConfigurationList = F79E342E1B5CD24200C4EF10 /* Build configuration list for PBXNativeTarget "laowuzhenbang" */;
			buildPhases = (
				F79E34071B5CD24100C4EF10 /* Sources */,
				F79E34081B5CD24100C4EF10 /* Frameworks */,
				F79E34091B5CD24100C4EF10 /* Resources */,
			);
			buildRules = (
			);
			dependencies = (
			);
			name = laowuzhenbang;
			productName = laowuzhenbang;
			productReference = F79E340B1B5CD24100C4EF10 /* laowuzhenbang.app */;
			productType = "com.apple.product-type.application";
		};
		F79E34231B5CD24200C4EF10 /* laowuzhenbangTests */ = {
			isa = PBXNativeTarget;
			buildConfigurationList = F79E34311B5CD24200C4EF10 /* Build configuration list for PBXNativeTarget "laowuzhenbangTests" */;
			buildPhases = (
				F79E34201B5CD24200C4EF10 /* Sources */,
				F79E34211B5CD24200C4EF10 /* Frameworks */,
				F79E34221B5CD24200C4EF10 /* Resources */,
			);
			buildRules = (
			);
			dependencies = (
				F79E34261B5CD24200C4EF10 /* PBXTargetDependency */,
			);
			name = laowuzhenbangTests;
			productName = laowuzhenbangTests;
			productReference = F79E34241B5CD24200C4EF10 /* laowuzhenbangTests.xctest */;
			productType = "com.apple.product-type.bundle.unit-test";
		};
/* End PBXNativeTarget section */

/* Begin PBXProject section */
		F79E34031B5CD24100C4EF10 /* Project object */ = {
			isa = PBXProject;
			attributes = {
				LastUpgradeCheck = 0630;
				ORGANIZATIONNAME = lanou3g;
				TargetAttributes = {
					F79E340A1B5CD24100C4EF10 = {
						CreatedOnToolsVersion = 6.3;
					};
					F79E34231B5CD24200C4EF10 = {
						CreatedOnToolsVersion = 6.3;
						TestTargetID = F79E340A1B5CD24100C4EF10;
					};
				};
			};
			buildConfigurationList = F79E34061B5CD24100C4EF10 /* Build configuration list for PBXProject "laowuzhenbang" */;
			compatibilityVersion = "Xcode 3.2";
			developmentRegion = English;
			hasScannedForEncodings = 0;
			knownRegions = (
				en,
				Base,
			);
			mainGroup = F79E34021B5CD24100C4EF10;
			productRefGroup = F79E340C1B5CD24100C4EF10 /* Products */;
			projectDirPath = "";
			projectRoot = "";
			targets = (
				F79E340A1B5CD24100C4EF10 /* laowuzhenbang */,
				F79E34231B5CD24200C4EF10 /* laowuzhenbangTests */,
			);
		};
/* End PBXProject section */

/* Begin PBXResourcesBuildPhase section */
		F79E34091B5CD24100C4EF10 /* Resources */ = {
			isa = PBXResourcesBuildPhase;
			buildActionMask = 2147483647;
			files = (
				F79E341A1B5CD24100C4EF10 /* Main.storyboard in Resources */,
				F79E341F1B5CD24200C4EF10 /* LaunchScreen.xib in Resources */,
				F79E341C1B5CD24200C4EF10 /* Images.xcassets in Resources */,
			);
			runOnlyForDeploymentPostprocessing = 0;
		};
		F79E34221B5CD24200C4EF10 /* Resources */ = {
			isa = PBXResourcesBuildPhase;
			buildActionMask = 2147483647;
			files = (
			);
			runOnlyForDeploymentPostprocessing = 0;
		};
/* End PBXResourcesBuildPhase section */

/* Begin PBXSourcesBuildPhase section */
		F79E34071B5CD24100C4EF10 /* Sources */ = {
			isa = PBXSourcesBuildPhase;
			buildActionMask = 2147483647;
			files = (
				F79E34361B5CD8D200C4EF10 /* ViewController.m in Sources */,
				F79E34141B5CD24100C4EF10 /* AppDelegate.m in Sources */,
				F79E34111B5CD24100C4EF10 /* main.m in Sources */,
			);
			runOnlyForDeploymentPostprocessing = 0;
		};
		F79E34201B5CD24200C4EF10 /* Sources */ = {
			isa = PBXSourcesBuildPhase;
			buildActionMask = 2147483647;
			files = (
				F79E342B1B5CD24200C4EF10 /* laowuzhenbangTests.m in Sources */,
			);
			runOnlyForDeploymentPostprocessing = 0;
		};
/* End PBXSourcesBuildPhase section */

/* Begin PBXTargetDependency section */
		F79E34261B5CD24200C4EF10 /* PBXTargetDependency */ = {
			isa = PBXTargetDependency;
			target = F79E340A1B5CD24100C4EF10 /* laowuzhenbang */;
			targetProxy = F79E34251B5CD24200C4EF10 /* PBXContainerItemProxy */;
		};
/* End PBXTargetDependency section */

/* Begin PBXVariantGroup section */
		F79E34181B5CD24100C4EF10 /* Main.storyboard */ = {
			isa = PBXVariantGroup;
			children = (
				F79E34191B5CD24100C4EF10 /* Base */,
			);
			name = Main.storyboard;
			sourceTree = "<group>";
		};
		F79E341D1B5CD24200C4EF10 /* LaunchScreen.xib */ = {
			isa = PBXVariantGroup;
			children = (
				F79E341E1B5CD24200C4EF10 /* Base */,
			);
			name = LaunchScreen.xib;
			sourceTree = "<group>";
		};
/* End PBXVariantGroup section */

/* Begin XCBuildConfiguration section */
		F79E342C1B5CD24200C4EF10 /* Debug */ = {
			isa = XCBuildConfiguration;
			buildSettings = {
				ALWAYS_SEARCH_USER_PATHS = NO;
				CLANG_CXX_LANGUAGE_STANDARD = "gnu++0x";
				CLANG_CXX_LIBRARY = "libc++";
				CLANG_ENABLE_MODULES = YES;
				CLANG_ENABLE_OBJC_ARC = YES;
				CLANG_WARN_BOOL_CONVERSION = YES;
				CLANG_WARN_CONSTANT_CONVERSION = YES;
				CLANG_WARN_DIRECT_OBJC_ISA_USAGE = YES_ERROR;
				CLANG_WARN_EMPTY_BODY = YES;
				CLANG_WARN_ENUM_CONVERSION = YES;
				CLANG_WARN_INT_CONVERSION = YES;
				CLANG_WARN_OBJC_ROOT_CLASS = YES_ERROR;
				CLANG_WARN_UNREACHABLE_CODE = YES;
				CLANG_WARN__DUPLICATE_METHOD_MATCH = YES;
				"CODE_SIGN_IDENTITY[sdk=iphoneos*]" = "iPhone Developer";
				COPY_PHASE_STRIP = NO;
				DEBUG_INFORMATION_FORMAT = "dwarf-with-dsym";
				ENABLE_STRICT_OBJC_MSGSEND = YES;
				GCC_C_LANGUAGE_STANDARD = gnu99;
				GCC_DYNAMIC_NO_PIC = NO;
				GCC_NO_COMMON_BLOCKS = YES;
				GCC_OPTIMIZATION_LEVEL = 0;
				GCC_PREPROCESSOR_DEFINITIONS = (
					"DEBUG=1",
					"$(inherited)",
				);
				GCC_SYMBOLS_PRIVATE_EXTERN = NO;
				GCC_WARN_64_TO_32_BIT_CONVERSION = YES;
				GCC_WARN_ABOUT_RETURN_TYPE = YES_ERROR;
				GCC_WARN_UNDECLARED_SELECTOR = YES;
				GCC_WARN_UNINITIALIZED_AUTOS = YES_AGGRESSIVE;
				GCC_WARN_UNUSED_FUNCTION = YES;
				GCC_WARN_UNUSED_VARIABLE = YES;
				IPHONEOS_DEPLOYMENT_TARGET = 8.3;
				MTL_ENABLE_DEBUG_INFO = YES;
				ONLY_ACTIVE_ARCH = YES;
				SDKROOT = iphoneos;
			};
			name = Debug;
		};
		F79E342D1B5CD24200C4EF10 /* Release */ = {
			isa = XCBuildConfiguration;
			buildSettings = {
				ALWAYS_SEARCH_USER_PATHS = NO;
				CLANG_CXX_LANGUAGE_STANDARD = "gnu++0x";
				CLANG_CXX_LIBRARY = "libc++";
				CLANG_ENABLE_MODULES = YES;
				CLANG_ENABLE_OBJC_ARC = YES;
				CLANG_WARN_BOOL_CONVERSION = YES;
				CLANG_WARN_CONSTANT_CONVERSION = YES;
				CLANG_WARN_DIRECT_OBJC_ISA_USAGE = YES_ERROR;
				CLANG_WARN_EMPTY_BODY = YES;
				CLANG_WARN_ENUM_CONVERSION = YES;
				CLANG_WARN_INT_CONVERSION = YES;
				CLANG_WARN_OBJC_ROOT_CLASS = YES_ERROR;
				CLANG_WARN_UNREACHABLE_CODE = YES;
				CLANG_WARN__DUPLICATE_METHOD_MATCH = YES;
				"CODE_SIGN_IDENTITY[sdk=iphoneos*]" = "iPhone Developer";
				COPY_PHASE_STRIP = NO;
				DEBUG_INFORMATION_FORMAT = "dwarf-with-dsym";
				ENABLE_NS_ASSERTIONS = NO;
				ENABLE_STRICT_OBJC_MSGSEND = YES;
				GCC_C_LANGUAGE_STANDARD = gnu99;
				GCC_NO_COMMON_BLOCKS = YES;
				GCC_WARN_64_TO_32_BIT_CONVERSION = YES;
				GCC_WARN_ABOUT_RETURN_TYPE = YES_ERROR;
				GCC_WARN_UNDECLARED_SELECTOR = YES;
				GCC_WARN_UNINITIALIZED_AUTOS = YES_AGGRESSIVE;
				GCC_WARN_UNUSED_FUNCTION = YES;
				GCC_WARN_UNUSED_VARIABLE = YES;
				IPHONEOS_DEPLOYMENT_TARGET = 8.3;
				MTL_ENABLE_DEBUG_INFO = NO;
				SDKROOT = iphoneos;
				VALIDATE_PRODUCT = YES;
			};
			name = Release;
		};
		F79E342F1B5CD24200C4EF10 /* Debug */ = {
			isa = XCBuildConfiguration;
			buildSettings = {
				ASSETCATALOG_COMPILER_APPICON_NAME = AppIcon;
				INFOPLIST_FILE = laowuzhenbang/Info.plist;
				LD_RUNPATH_SEARCH_PATHS = "$(inherited) @executable_path/Frameworks";
				PRODUCT_NAME = "$(TARGET_NAME)";
			};
			name = Debug;
		};
		F79E34301B5CD24200C4EF10 /* Release */ = {
			isa = XCBuildConfiguration;
			buildSettings = {
				ASSETCATALOG_COMPILER_APPICON_NAME = AppIcon;
				INFOPLIST_FILE = laowuzhenbang/Info.plist;
				LD_RUNPATH_SEARCH_PATHS = "$(inherited) @executable_path/Frameworks";
				PRODUCT_NAME = "$(TARGET_NAME)";
			};
			name = Release;
		};
		F79E34321B5CD24200C4EF10 /* Debug */ = {
			isa = XCBuildConfiguration;
			buildSettings = {
				BUNDLE_LOADER = "$(TEST_HOST)";
				FRAMEWORK_SEARCH_PATHS = (
					"$(SDKROOT)/Developer/Library/Frameworks",
					"$(inherited)",
				);
				GCC_PREPROCESSOR_DEFINITIONS = (
					"DEBUG=1",
					"$(inherited)",
				);
				INFOPLIST_FILE = laowuzhenbangTests/Info.plist;
				LD_RUNPATH_SEARCH_PATHS = "$(inherited) @executable_path/Frameworks @loader_path/Frameworks";
				PRODUCT_NAME = "$(TARGET_NAME)";
				TEST_HOST = "$(BUILT_PRODUCTS_DIR)/laowuzhenbang.app/laowuzhenbang";
			};
			name = Debug;
		};
		F79E34331B5CD24200C4EF10 /* Release */ = {
			isa = XCBuildConfiguration;
			buildSettings = {
				BUNDLE_LOADER = "$(TEST_HOST)";
				FRAMEWORK_SEARCH_PATHS = (
					"$(SDKROOT)/Developer/Library/Frameworks",
					"$(inherited)",
				);
				INFOPLIST_FILE = laowuzhenbangTests/Info.plist;
				LD_RUNPATH_SEARCH_PATHS = "$(inherited) @executable_path/Frameworks @loader_path/Frameworks";
				PRODUCT_NAME = "$(TARGET_NAME)";
				TEST_HOST = "$(BUILT_PRODUCTS_DIR)/laowuzhenbang.app/laowuzhenbang";
			};
			name = Release;
		};
/* End XCBuildConfiguration section */

/* Begin XCConfigurationList section */
		F79E34061B5CD24100C4EF10 /* Build configuration list for PBXProject "laowuzhenbang" */ = {
			isa = XCConfigurationList;
			buildConfigurations = (
				F79E342C1B5CD24200C4EF10 /* Debug */,
				F79E342D1B5CD24200C4EF10 /* Release */,
			);
			defaultConfigurationIsVisible = 0;
			defaultConfigurationName = Release;
		};
		F79E342E1B5CD24200C4EF10 /* Build configuration list for PBXNativeTarget "laowuzhenbang" */ = {
			isa = XCConfigurationList;
			buildConfigurations = (
				F79E342F1B5CD24200C4EF10 /* Debug */,
				F79E34301B5CD24200C4EF10 /* Release */,
			);
			defaultConfigurationIsVisible = 0;
		};
		F79E34311B5CD24200C4EF10 /* Build configuration list for PBXNativeTarget "laowuzhenbangTests" */ = {
			isa = XCConfigurationList;
			buildConfigurations = (
				F79E34321B5CD24200C4EF10 /* Debug */,
				F79E34331B5CD24200C4EF10 /* Release */,
			);
			defaultConfigurationIsVisible = 0;
		};
/* End XCConfigurationList section */
	};
	rootObject = F79E34031B5CD24100C4EF10 /* Project object */;
}
